
Microsoft Visual Studio Solution File, Format Version 12.00
# Visual Studio Version 16
VisualStudioVersion = 16.0.29926.136
MinimumVisualStudioVersion = 10.0.40219.1
Project("{9A19103F-16F7-4668-BE54-9A1E7A4F7556}") = "Cyanometer.Web", "Cyanometer.Web\Cyanometer.Web.csproj", "{5059DC2D-36F2-4AC7-9EAD-E8C596D78B3D}"
EndProject
Project("{9A19103F-16F7-4668-BE54-9A1E7A4F7556}") = "Cyanometer.Core", "Cyanometer.Core\Cyanometer.Core.csproj", "{2CAB83B9-EE60-4A76-9468-8F3679ACB20A}"
EndProject
Project("{2150E333-8FDC-42A3-9474-1A3956D46DE8}") = "Solution Items", "Solution Items", "{B66A4D5D-330E-4B89-996F-E4CDEEFD1A6C}"
	ProjectSection(SolutionItems) = preProject
		..\..\.gitignore = ..\..\.gitignore
		..\..\appbuild.cake = ..\..\appbuild.cake
		..\..\build.ps1 = ..\..\build.ps1
		..\..\version.xml = ..\..\version.xml
	EndProjectSection
EndProject
Project("{9A19103F-16F7-4668-BE54-9A1E7A4F7556}") = "Cyanometer.AirQuality", "Cyanometer.AirQuality\Cyanometer.AirQuality.csproj", "{489E72EB-2E39-430A-A0B1-0694BC936C6E}"
EndProject
Project("{FAE04EC0-301F-11D3-BF4B-00C04F79EFBC}") = "Cyanometer.WebTest", "Test\Cyanometer.WebTest\Cyanometer.WebTest.csproj", "{9925340F-3534-4F26-942B-A21C9FA5EBB9}"
EndProject
Global
	GlobalSection(SolutionConfigurationPlatforms) = preSolution
		Debug|Any CPU = Debug|Any CPU
		Release|Any CPU = Release|Any CPU
	EndGlobalSection
	GlobalSection(ProjectConfigurationPlatforms) = postSolution
		{5059DC2D-36F2-4AC7-9EAD-E8C596D78B3D}.Debug|Any CPU.ActiveCfg = Debug|Any CPU
		{5059DC2D-36F2-4AC7-9EAD-E8C596D78B3D}.Debug|Any CPU.Build.0 = Debug|Any CPU
		{5059DC2D-36F2-4AC7-9EAD-E8C596D78B3D}.Release|Any CPU.ActiveCfg = Release|Any CPU
		{5059DC2D-36F2-4AC7-9EAD-E8C596D78B3D}.Release|Any CPU.Build.0 = Release|Any CPU
		{2CAB83B9-EE60-4A76-9468-8F3679ACB20A}.Debug|Any CPU.ActiveCfg = Debug|Any CPU
		{2CAB83B9-EE60-4A76-9468-8F3679ACB20A}.Debug|Any CPU.Build.0 = Debug|Any CPU
		{2CAB83B9-EE60-4A76-9468-8F3679ACB20A}.Release|Any CPU.ActiveCfg = Release|Any CPU
		{2CAB83B9-EE60-4A76-9468-8F3679ACB20A}.Release|Any CPU.Build.0 = Release|Any CPU
		{489E72EB-2E39-430A-A0B1-0694BC936C6E}.Debug|Any CPU.ActiveCfg = Debug|Any CPU
		{489E72EB-2E39-430A-A0B1-0694BC936C6E}.Debug|Any CPU.Build.0 = Debug|Any CPU
		{489E72EB-2E39-430A-A0B1-0694BC936C6E}.Release|Any CPU.ActiveCfg = Release|Any CPU
		{489E72EB-2E39-430A-A0B1-0694BC936C6E}.Release|Any CPU.Build.0 = Release|Any CPU
		{9925340F-3534-4F26-942B-A21C9FA5EBB9}.Debug|Any CPU.ActiveCfg = Debug|Any CPU
		{9925340F-3534-4F26-942B-A21C9FA5EBB9}.Debug|Any CPU.Build.0 = Debug|Any CPU
		{9925340F-3534-4F26-942B-A21C9FA5EBB9}.Release|Any CPU.ActiveCfg = Release|Any CPU
		{9925340F-3534-4F26-942B-A21C9FA5EBB9}.Release|Any CPU.Build.0 = Release|Any CPU
	EndGlobalSection
	GlobalSection(SolutionProperties) = preSolution
		HideSolutionNode = FALSE
	EndGlobalSection
	GlobalSection(ExtensibilityGlobals) = postSolution
		SolutionGuid = {1F1F66B7-E291-41A1-B4C5-5F8D4367F3E2}
	EndGlobalSection
EndGlobal
